<?xml version="1.0" encoding="utf-8"?>
<Project ToolsVersion="4.0" xmlns="http://schemas.microsoft.com/developer/msbuild/2003">
  <ItemGroup>
    <Filter Include="Исходные файлы">
      <UniqueIdentifier>{4FC737F1-C7A5-4376-A066-2A32D752A2FF}</UniqueIdentifier>
      <Extensions>cpp;c;cc;cxx;c++;cppm;ixx;def;odl;idl;hpj;bat;asm;asmx</Extensions>
    </Filter>
    <Filter Include="Файлы заголовков">
      <UniqueIdentifier>{93995380-89BD-4b04-88EB-625FBE52EBFB}</UniqueIdentifier>
      <Extensions>h;hh;hpp;hxx;h++;hm;inl;inc;ipp;xsd</Extensions>
    </Filter>
    <Filter Include="Файлы ресурсов">
      <UniqueIdentifier>{67DA6AB6-F800-4c08-8B7A-83BB121AAD01}</UniqueIdentifier>
      <Extensions>rc;ico;cur;bmp;dlg;rc2;rct;bin;rgs;gif;jpg;jpeg;jpe;resx;tiff;tif;png;wav;mfcribbon-ms</Extensions>
    </Filter>
  </ItemGroup>
  <ItemGroup>
    <ClCompile Include="SpaceInvaders.cpp">
      <Filter>Исходные файлы</Filter>
    </ClCompile>
    <ClCompile Include="Animation.cpp">
      <Filter>Исходные файлы</Filter>
    </ClCompile>
    <ClCompile Include="DrawText.cpp">
      <Filter>Исходные файлы</Filter>
    </ClCompile>
    <ClCompile Include="Enemy.cpp">
      <Filter>Исходные файлы</Filter>
    </ClCompile>
    <ClCompile Include="EnemyManager.cpp">
      <Filter>Исходные файлы</Filter>
    </ClCompile>
    <ClCompile Include="Player.cpp">
      <Filter>Исходные файлы</Filter>
    </ClCompile>
    <ClCompile Include="Ufo.cpp">
      <Filter>Исходные файлы</Filter>
    </ClCompile>
  </ItemGroup>
  <ItemGroup>
    <ClInclude Include="Headers\Animation.hpp">
      <Filter>Файлы заголовков</Filter>
    </ClInclude>
    <ClInclude Include="Headers\DrawText.hpp">
      <Filter>Файлы заголовков</Filter>
    </ClInclude>
    <ClInclude Include="Headers\Enemy.hpp">
      <Filter>Файлы заголовков</Filter>
    </ClInclude>
    <ClInclude Include="Headers\EnemyManager.hpp">
      <Filter>Файлы заголовков</Filter>
    </ClInclude>
    <ClInclude Include="Headers\Global.hpp">
      <Filter>Файлы заголовков</Filter>
    </ClInclude>
    <ClInclude Include="Headers\Player.hpp">
      <Filter>Файлы заголовков</Filter>
    </ClInclude>
    <ClInclude Include="Headers\Ufo.hpp">
      <Filter>Файлы заголовков</Filter>
    </ClInclude>
  </ItemGroup>
  <ItemGroup>
    <Image Include="Resources\Images\Background.png">
      <Filter>Файлы ресурсов</Filter>
    </Image>
    <Image Include="Resources\Images\Enemy0.png">
      <Filter>Файлы ресурсов</Filter>
    </Image>
    <Image Include="Resources\Images\Enemy1.png">
      <Filter>Файлы ресурсов</Filter>
    </Image>
    <Image Include="Resources\Images\Enemy2.png">
      <Filter>Файлы ресурсов</Filter>
    </Image>
    <Image Include="Resources\Images\EnemyBullet.png">
      <Filter>Файлы ресурсов</Filter>
    </Image>
    <Image Include="Resources\Images\Explosion.png">
      <Filter>Файлы ресурсов</Filter>
    </Image>
    <Image Include="Resources\Images\ExplosionBig.png">
      <Filter>Файлы ресурсов</Filter>
    </Image>
    <Image Include="Resources\Images\Font.png">
      <Filter>Файлы ресурсов</Filter>
    </Image>
    <Image Include="Resources\Images\Player.png">
      <Filter>Файлы ресурсов</Filter>
    </Image>
    <Image Include="Resources\Images\PlayerBullet.png">
      <Filter>Файлы ресурсов</Filter>
    </Image>
    <Image Include="Resources\Images\Powerup0.png">
      <Filter>Файлы ресурсов</Filter>
    </Image>
    <Image Include="Resources\Images\Powerup1.png">
      <Filter>Файлы ресурсов</Filter>
    </Image>
    <Image Include="Resources\Images\Powerup2.png">
      <Filter>Файлы ресурсов</Filter>
    </Image>
    <Image Include="Resources\Images\Powerup3.png">
      <Filter>Файлы ресурсов</Filter>
    </Image>
    <Image Include="Resources\Images\PowerupBar.png">
      <Filter>Файлы ресурсов</Filter>
    </Image>
    <Image Include="Resources\Images\Ufo.png">
      <Filter>Файлы ресурсов</Filter>
    </Image>
  </ItemGroup>
</Project>