
Microsoft Visual Studio Solution File, Format Version 12.00
# Visual Studio Version 17
VisualStudioVersion = 17.7.34018.315
MinimumVisualStudioVersion = 10.0.40219.1
Project("{8BC9CEB8-8B4A-11D0-8D11-00A0C91BC942}") = "Tetris", "Tetris\Tetris.vcxproj", "{A5470860-2AF0-49AA-BEAD-D89516BA2F99}"
EndProject
Project("{8BC9CEB8-8B4A-11D0-8D11-00A0C91BC942}") = "DoodleJump", "DoodleJump\DoodleJump.vcxproj", "{57B53307-2C2C-47B1-8196-8FE5FC9FA2B8}"
EndProject
Project("{8BC9CEB8-8B4A-11D0-8D11-00A0C91BC942}") = "Arkanoid", "Arkanoid\Arkanoid.vcxproj", "{3006A501-9F15-490E-8B44-6090EE892D34}"
EndProject
Project("{8BC9CEB8-8B4A-11D0-8D11-00A0C91BC942}") = "Snake", "Snake\Snake.vcxproj", "{32795AB2-DBFE-4696-A234-175C2D18CDDB}"
EndProject
Project("{8BC9CEB8-8B4A-11D0-8D11-00A0C91BC942}") = "Minesweeper", "Minesweeper\Minesweeper.vcxproj", "{5E6DAB86-B046-4316-AE7E-74027BD6B0F6}"
EndProject
Project("{8BC9CEB8-8B4A-11D0-8D11-00A0C91BC942}") = "Fifteen", "Fifteen\Fifteen.vcxproj", "{EB91A79A-1DDB-4AAA-ADCD-A6543DD39D48}"
EndProject
Project("{8BC9CEB8-8B4A-11D0-8D11-00A0C91BC942}") = "RacingTopDown", "RacingTopDown\RacingTopDown.vcxproj", "{65D542BA-3962-4DD2-B780-D91A7AFAB063}"
EndProject
Project("{8BC9CEB8-8B4A-11D0-8D11-00A0C91BC942}") = "Outrun", "Outrun\Outrun.vcxproj", "{24A30B1C-2984-4B4C-BEA1-8E454D7C9CFE}"
EndProject
Project("{8BC9CEB8-8B4A-11D0-8D11-00A0C91BC942}") = "Xonix", "Xonix\Xonix.vcxproj", "{4A9F1D8F-5FFD-42BA-81F6-3CC4B4828436}"
EndProject
Project("{8BC9CEB8-8B4A-11D0-8D11-00A0C91BC942}") = "Bejeweled", "Bejeweled\Bejeweled.vcxproj", "{DD521683-F21C-426B-ADE0-1008D21BDE3B}"
EndProject
Project("{8BC9CEB8-8B4A-11D0-8D11-00A0C91BC942}") = "Chess", "Chess\Chess.vcxproj", "{47948EE1-A008-489D-ABB8-66697900E65B}"
EndProject
Project("{8BC9CEB8-8B4A-11D0-8D11-00A0C91BC942}") = "VolleyBall", "VolleyBall\VolleyBall.vcxproj", "{BA1F2D2B-B33B-4861-8C43-AE8B5C825C8D}"
EndProject
Project("{8BC9CEB8-8B4A-11D0-8D11-00A0C91BC942}") = "Asteroids", "Asteroids\Asteroids.vcxproj", "{BB401E31-2030-4CA5-8799-48AF4B02483F}"
EndProject
Project("{8BC9CEB8-8B4A-11D0-8D11-00A0C91BC942}") = "Tron", "Tron\Tron.vcxproj", "{EBD38153-5B60-430D-B266-CA78B439858F}"
EndProject
Project("{8BC9CEB8-8B4A-11D0-8D11-00A0C91BC942}") = "MahjongSolitaire", "MahjongSolitaire\MahjongSolitaire.vcxproj", "{7195C341-0B54-4ADA-B709-2C7B97FB5BB8}"
EndProject
Project("{8BC9CEB8-8B4A-11D0-8D11-00A0C91BC942}") = "NetWalk", "NetWalk\NetWalk.vcxproj", "{30D3A94B-9C0F-4DAE-B9CA-5F8BDB86729B}"
EndProject
Global
	GlobalSection(SolutionConfigurationPlatforms) = preSolution
		Debug|x64 = Debug|x64
		Debug|x86 = Debug|x86
		Release|x64 = Release|x64
		Release|x86 = Release|x86
	EndGlobalSection
	GlobalSection(ProjectConfigurationPlatforms) = postSolution
		{A5470860-2AF0-49AA-BEAD-D89516BA2F99}.Debug|x64.ActiveCfg = Debug|x64
		{A5470860-2AF0-49AA-BEAD-D89516BA2F99}.Debug|x64.Build.0 = Debug|x64
		{A5470860-2AF0-49AA-BEAD-D89516BA2F99}.Debug|x86.ActiveCfg = Debug|Win32
		{A5470860-2AF0-49AA-BEAD-D89516BA2F99}.Debug|x86.Build.0 = Debug|Win32
		{A5470860-2AF0-49AA-BEAD-D89516BA2F99}.Release|x64.ActiveCfg = Release|x64
		{A5470860-2AF0-49AA-BEAD-D89516BA2F99}.Release|x64.Build.0 = Release|x64
		{A5470860-2AF0-49AA-BEAD-D89516BA2F99}.Release|x86.ActiveCfg = Release|Win32
		{A5470860-2AF0-49AA-BEAD-D89516BA2F99}.Release|x86.Build.0 = Release|Win32
		{57B53307-2C2C-47B1-8196-8FE5FC9FA2B8}.Debug|x64.ActiveCfg = Debug|x64
		{57B53307-2C2C-47B1-8196-8FE5FC9FA2B8}.Debug|x64.Build.0 = Debug|x64
		{57B53307-2C2C-47B1-8196-8FE5FC9FA2B8}.Debug|x86.ActiveCfg = Debug|Win32
		{57B53307-2C2C-47B1-8196-8FE5FC9FA2B8}.Debug|x86.Build.0 = Debug|Win32
		{57B53307-2C2C-47B1-8196-8FE5FC9FA2B8}.Release|x64.ActiveCfg = Release|x64
		{57B53307-2C2C-47B1-8196-8FE5FC9FA2B8}.Release|x64.Build.0 = Release|x64
		{57B53307-2C2C-47B1-8196-8FE5FC9FA2B8}.Release|x86.ActiveCfg = Release|Win32
		{57B53307-2C2C-47B1-8196-8FE5FC9FA2B8}.Release|x86.Build.0 = Release|Win32
		{3006A501-9F15-490E-8B44-6090EE892D34}.Debug|x64.ActiveCfg = Debug|x64
		{3006A501-9F15-490E-8B44-6090EE892D34}.Debug|x64.Build.0 = Debug|x64
		{3006A501-9F15-490E-8B44-6090EE892D34}.Debug|x86.ActiveCfg = Debug|Win32
		{3006A501-9F15-490E-8B44-6090EE892D34}.Debug|x86.Build.0 = Debug|Win32
		{3006A501-9F15-490E-8B44-6090EE892D34}.Release|x64.ActiveCfg = Release|x64
		{3006A501-9F15-490E-8B44-6090EE892D34}.Release|x64.Build.0 = Release|x64
		{3006A501-9F15-490E-8B44-6090EE892D34}.Release|x86.ActiveCfg = Release|Win32
		{3006A501-9F15-490E-8B44-6090EE892D34}.Release|x86.Build.0 = Release|Win32
		{32795AB2-DBFE-4696-A234-175C2D18CDDB}.Debug|x64.ActiveCfg = Debug|x64
		{32795AB2-DBFE-4696-A234-175C2D18CDDB}.Debug|x64.Build.0 = Debug|x64
		{32795AB2-DBFE-4696-A234-175C2D18CDDB}.Debug|x86.ActiveCfg = Debug|Win32
		{32795AB2-DBFE-4696-A234-175C2D18CDDB}.Debug|x86.Build.0 = Debug|Win32
		{32795AB2-DBFE-4696-A234-175C2D18CDDB}.Release|x64.ActiveCfg = Release|x64
		{32795AB2-DBFE-4696-A234-175C2D18CDDB}.Release|x64.Build.0 = Release|x64
		{32795AB2-DBFE-4696-A234-175C2D18CDDB}.Release|x86.ActiveCfg = Release|Win32
		{32795AB2-DBFE-4696-A234-175C2D18CDDB}.Release|x86.Build.0 = Release|Win32
		{5E6DAB86-B046-4316-AE7E-74027BD6B0F6}.Debug|x64.ActiveCfg = Debug|x64
		{5E6DAB86-B046-4316-AE7E-74027BD6B0F6}.Debug|x64.Build.0 = Debug|x64
		{5E6DAB86-B046-4316-AE7E-74027BD6B0F6}.Debug|x86.ActiveCfg = Debug|Win32
		{5E6DAB86-B046-4316-AE7E-74027BD6B0F6}.Debug|x86.Build.0 = Debug|Win32
		{5E6DAB86-B046-4316-AE7E-74027BD6B0F6}.Release|x64.ActiveCfg = Release|x64
		{5E6DAB86-B046-4316-AE7E-74027BD6B0F6}.Release|x64.Build.0 = Release|x64
		{5E6DAB86-B046-4316-AE7E-74027BD6B0F6}.Release|x86.ActiveCfg = Release|Win32
		{5E6DAB86-B046-4316-AE7E-74027BD6B0F6}.Release|x86.Build.0 = Release|Win32
		{EB91A79A-1DDB-4AAA-ADCD-A6543DD39D48}.Debug|x64.ActiveCfg = Debug|x64
		{EB91A79A-1DDB-4AAA-ADCD-A6543DD39D48}.Debug|x64.Build.0 = Debug|x64
		{EB91A79A-1DDB-4AAA-ADCD-A6543DD39D48}.Debug|x86.ActiveCfg = Debug|Win32
		{EB91A79A-1DDB-4AAA-ADCD-A6543DD39D48}.Debug|x86.Build.0 = Debug|Win32
		{EB91A79A-1DDB-4AAA-ADCD-A6543DD39D48}.Release|x64.ActiveCfg = Release|x64
		{EB91A79A-1DDB-4AAA-ADCD-A6543DD39D48}.Release|x64.Build.0 = Release|x64
		{EB91A79A-1DDB-4AAA-ADCD-A6543DD39D48}.Release|x86.ActiveCfg = Release|Win32
		{EB91A79A-1DDB-4AAA-ADCD-A6543DD39D48}.Release|x86.Build.0 = Release|Win32
		{65D542BA-3962-4DD2-B780-D91A7AFAB063}.Debug|x64.ActiveCfg = Debug|x64
		{65D542BA-3962-4DD2-B780-D91A7AFAB063}.Debug|x64.Build.0 = Debug|x64
		{65D542BA-3962-4DD2-B780-D91A7AFAB063}.Debug|x86.ActiveCfg = Debug|Win32
		{65D542BA-3962-4DD2-B780-D91A7AFAB063}.Debug|x86.Build.0 = Debug|Win32
		{65D542BA-3962-4DD2-B780-D91A7AFAB063}.Release|x64.ActiveCfg = Release|x64
		{65D542BA-3962-4DD2-B780-D91A7AFAB063}.Release|x64.Build.0 = Release|x64
		{65D542BA-3962-4DD2-B780-D91A7AFAB063}.Release|x86.ActiveCfg = Release|Win32
		{65D542BA-3962-4DD2-B780-D91A7AFAB063}.Release|x86.Build.0 = Release|Win32
		{24A30B1C-2984-4B4C-BEA1-8E454D7C9CFE}.Debug|x64.ActiveCfg = Debug|x64
		{24A30B1C-2984-4B4C-BEA1-8E454D7C9CFE}.Debug|x64.Build.0 = Debug|x64
		{24A30B1C-2984-4B4C-BEA1-8E454D7C9CFE}.Debug|x86.ActiveCfg = Debug|Win32
		{24A30B1C-2984-4B4C-BEA1-8E454D7C9CFE}.Debug|x86.Build.0 = Debug|Win32
		{24A30B1C-2984-4B4C-BEA1-8E454D7C9CFE}.Release|x64.ActiveCfg = Release|x64
		{24A30B1C-2984-4B4C-BEA1-8E454D7C9CFE}.Release|x64.Build.0 = Release|x64
		{24A30B1C-2984-4B4C-BEA1-8E454D7C9CFE}.Release|x86.ActiveCfg = Release|Win32
		{24A30B1C-2984-4B4C-BEA1-8E454D7C9CFE}.Release|x86.Build.0 = Release|Win32
		{4A9F1D8F-5FFD-42BA-81F6-3CC4B4828436}.Debug|x64.ActiveCfg = Debug|x64
		{4A9F1D8F-5FFD-42BA-81F6-3CC4B4828436}.Debug|x64.Build.0 = Debug|x64
		{4A9F1D8F-5FFD-42BA-81F6-3CC4B4828436}.Debug|x86.ActiveCfg = Debug|Win32
		{4A9F1D8F-5FFD-42BA-81F6-3CC4B4828436}.Debug|x86.Build.0 = Debug|Win32
		{4A9F1D8F-5FFD-42BA-81F6-3CC4B4828436}.Release|x64.ActiveCfg = Release|x64
		{4A9F1D8F-5FFD-42BA-81F6-3CC4B4828436}.Release|x64.Build.0 = Release|x64
		{4A9F1D8F-5FFD-42BA-81F6-3CC4B4828436}.Release|x86.ActiveCfg = Release|Win32
		{4A9F1D8F-5FFD-42BA-81F6-3CC4B4828436}.Release|x86.Build.0 = Release|Win32
		{DD521683-F21C-426B-ADE0-1008D21BDE3B}.Debug|x64.ActiveCfg = Debug|x64
		{DD521683-F21C-426B-ADE0-1008D21BDE3B}.Debug|x64.Build.0 = Debug|x64
		{DD521683-F21C-426B-ADE0-1008D21BDE3B}.Debug|x86.ActiveCfg = Debug|Win32
		{DD521683-F21C-426B-ADE0-1008D21BDE3B}.Debug|x86.Build.0 = Debug|Win32
		{DD521683-F21C-426B-ADE0-1008D21BDE3B}.Release|x64.ActiveCfg = Release|x64
		{DD521683-F21C-426B-ADE0-1008D21BDE3B}.Release|x64.Build.0 = Release|x64
		{DD521683-F21C-426B-ADE0-1008D21BDE3B}.Release|x86.ActiveCfg = Release|Win32
		{DD521683-F21C-426B-ADE0-1008D21BDE3B}.Release|x86.Build.0 = Release|Win32
		{47948EE1-A008-489D-ABB8-66697900E65B}.Debug|x64.ActiveCfg = Debug|x64
		{47948EE1-A008-489D-ABB8-66697900E65B}.Debug|x64.Build.0 = Debug|x64
		{47948EE1-A008-489D-ABB8-66697900E65B}.Debug|x86.ActiveCfg = Debug|Win32
		{47948EE1-A008-489D-ABB8-66697900E65B}.Debug|x86.Build.0 = Debug|Win32
		{47948EE1-A008-489D-ABB8-66697900E65B}.Release|x64.ActiveCfg = Release|x64
		{47948EE1-A008-489D-ABB8-66697900E65B}.Release|x64.Build.0 = Release|x64
		{47948EE1-A008-489D-ABB8-66697900E65B}.Release|x86.ActiveCfg = Release|Win32
		{47948EE1-A008-489D-ABB8-66697900E65B}.Release|x86.Build.0 = Release|Win32
		{BA1F2D2B-B33B-4861-8C43-AE8B5C825C8D}.Debug|x64.ActiveCfg = Debug|x64
		{BA1F2D2B-B33B-4861-8C43-AE8B5C825C8D}.Debug|x64.Build.0 = Debug|x64
		{BA1F2D2B-B33B-4861-8C43-AE8B5C825C8D}.Debug|x86.ActiveCfg = Debug|Win32
		{BA1F2D2B-B33B-4861-8C43-AE8B5C825C8D}.Debug|x86.Build.0 = Debug|Win32
		{BA1F2D2B-B33B-4861-8C43-AE8B5C825C8D}.Release|x64.ActiveCfg = Release|x64
		{BA1F2D2B-B33B-4861-8C43-AE8B5C825C8D}.Release|x64.Build.0 = Release|x64
		{BA1F2D2B-B33B-4861-8C43-AE8B5C825C8D}.Release|x86.ActiveCfg = Release|Win32
		{BA1F2D2B-B33B-4861-8C43-AE8B5C825C8D}.Release|x86.Build.0 = Release|Win32
		{BB401E31-2030-4CA5-8799-48AF4B02483F}.Debug|x64.ActiveCfg = Debug|x64
		{BB401E31-2030-4CA5-8799-48AF4B02483F}.Debug|x64.Build.0 = Debug|x64
		{BB401E31-2030-4CA5-8799-48AF4B02483F}.Debug|x86.ActiveCfg = Debug|Win32
		{BB401E31-2030-4CA5-8799-48AF4B02483F}.Debug|x86.Build.0 = Debug|Win32
		{BB401E31-2030-4CA5-8799-48AF4B02483F}.Release|x64.ActiveCfg = Release|x64
		{BB401E31-2030-4CA5-8799-48AF4B02483F}.Release|x64.Build.0 = Release|x64
		{BB401E31-2030-4CA5-8799-48AF4B02483F}.Release|x86.ActiveCfg = Release|Win32
		{BB401E31-2030-4CA5-8799-48AF4B02483F}.Release|x86.Build.0 = Release|Win32
		{EBD38153-5B60-430D-B266-CA78B439858F}.Debug|x64.ActiveCfg = Debug|x64
		{EBD38153-5B60-430D-B266-CA78B439858F}.Debug|x64.Build.0 = Debug|x64
		{EBD38153-5B60-430D-B266-CA78B439858F}.Debug|x86.ActiveCfg = Debug|Win32
		{EBD38153-5B60-430D-B266-CA78B439858F}.Debug|x86.Build.0 = Debug|Win32
		{EBD38153-5B60-430D-B266-CA78B439858F}.Release|x64.ActiveCfg = Release|x64
		{EBD38153-5B60-430D-B266-CA78B439858F}.Release|x64.Build.0 = Release|x64
		{EBD38153-5B60-430D-B266-CA78B439858F}.Release|x86.ActiveCfg = Release|Win32
		{EBD38153-5B60-430D-B266-CA78B439858F}.Release|x86.Build.0 = Release|Win32
		{7195C341-0B54-4ADA-B709-2C7B97FB5BB8}.Debug|x64.ActiveCfg = Debug|x64
		{7195C341-0B54-4ADA-B709-2C7B97FB5BB8}.Debug|x64.Build.0 = Debug|x64
		{7195C341-0B54-4ADA-B709-2C7B97FB5BB8}.Debug|x86.ActiveCfg = Debug|Win32
		{7195C341-0B54-4ADA-B709-2C7B97FB5BB8}.Debug|x86.Build.0 = Debug|Win32
		{7195C341-0B54-4ADA-B709-2C7B97FB5BB8}.Release|x64.ActiveCfg = Release|x64
		{7195C341-0B54-4ADA-B709-2C7B97FB5BB8}.Release|x64.Build.0 = Release|x64
		{7195C341-0B54-4ADA-B709-2C7B97FB5BB8}.Release|x86.ActiveCfg = Release|Win32
		{7195C341-0B54-4ADA-B709-2C7B97FB5BB8}.Release|x86.Build.0 = Release|Win32
		{30D3A94B-9C0F-4DAE-B9CA-5F8BDB86729B}.Debug|x64.ActiveCfg = Debug|x64
		{30D3A94B-9C0F-4DAE-B9CA-5F8BDB86729B}.Debug|x64.Build.0 = Debug|x64
		{30D3A94B-9C0F-4DAE-B9CA-5F8BDB86729B}.Debug|x86.ActiveCfg = Debug|Win32
		{30D3A94B-9C0F-4DAE-B9CA-5F8BDB86729B}.Debug|x86.Build.0 = Debug|Win32
		{30D3A94B-9C0F-4DAE-B9CA-5F8BDB86729B}.Release|x64.ActiveCfg = Release|x64
		{30D3A94B-9C0F-4DAE-B9CA-5F8BDB86729B}.Release|x64.Build.0 = Release|x64
		{30D3A94B-9C0F-4DAE-B9CA-5F8BDB86729B}.Release|x86.ActiveCfg = Release|Win32
		{30D3A94B-9C0F-4DAE-B9CA-5F8BDB86729B}.Release|x86.Build.0 = Release|Win32
	EndGlobalSection
	GlobalSection(SolutionProperties) = preSolution
		HideSolutionNode = FALSE
	EndGlobalSection
	GlobalSection(ExtensibilityGlobals) = postSolution
		SolutionGuid = {F0CB8DF4-0EC9-48B1-83BD-FD5CBB2F8E73}
	EndGlobalSection
EndGlobal
